
Microsoft Visual Studio Solution File, Format Version 12.00
# Visual Studio 14
VisualStudioVersion = 14.0.25420.1
MinimumVisualStudioVersion = 10.0.40219.1
Project("{FAE04EC0-301F-11D3-BF4B-00C04F79EFBC}") = "LimeVideoSDKQuickSync", "Class Libraries\LimeVideoSDKQuickSync\LimeVideoSDKQuickSync.csproj", "{D9DA52A3-A026-3DCF-B4C6-DDE9B14FB9FF}"
EndProject
Project("{FAE04EC0-301F-11D3-BF4B-00C04F79EFBC}") = "Transcoder1", "Sample Programs\Transcoder Samples\Transcoder1\Transcoder1.csproj", "{49232D49-EAA6-4AD4-A114-E01ABF7258F9}"
EndProject
Project("{FAE04EC0-301F-11D3-BF4B-00C04F79EFBC}") = "Decoder1", "Sample Programs\Decoder Samples\Decoder1\Decoder1.csproj", "{DD65463D-A8F0-4443-95F9-C4AD804A7282}"
EndProject
Project("{FAE04EC0-301F-11D3-BF4B-00C04F79EFBC}") = "Encoder1", "Sample Programs\Encoder Samples\Encoder1\Encoder1.csproj", "{352C8DCB-1BB7-4453-8EFB-28468EE28CC4}"
EndProject
Project("{FAE04EC0-301F-11D3-BF4B-00C04F79EFBC}") = "Transcoder3", "Sample Programs\Transcoder Samples\Transcoder3\Transcoder3.csproj", "{A7FF1907-76E1-4459-964D-549A526A2971}"
EndProject
Project("{FAE04EC0-301F-11D3-BF4B-00C04F79EFBC}") = "Player1", "Sample Programs\Other Samples\Player1\Player1.csproj", "{3A9D5C10-47E3-4AD7-B874-A72832ADE7B9}"
EndProject
Project("{FAE04EC0-301F-11D3-BF4B-00C04F79EFBC}") = "_SystemCapabilities", "Sample Programs\Other Samples\_SystemCapabilities\_SystemCapabilities.csproj", "{6324DB4C-D8EC-4E2E-AB4D-6BD9E5CA55CF}"
EndProject
Project("{FAE04EC0-301F-11D3-BF4B-00C04F79EFBC}") = "Encoder50", "Sample Programs\Encoder Samples\Encoder50\Encoder50.csproj", "{69A1C888-4D56-415D-838C-77F0C1251793}"
EndProject
Project("{FAE04EC0-301F-11D3-BF4B-00C04F79EFBC}") = "Decoder50", "Sample Programs\Decoder Samples\Decoder50\Decoder50.csproj", "{08FCFB0E-C254-4A57-9BC0-C9C6747B1B68}"
EndProject
Project("{2150E333-8FDC-42A3-9474-1A3956D46DE8}") = "Special Samples", "Special Samples", "{7A267099-AF38-464F-9147-78764F0D10FB}"
	ProjectSection(SolutionItems) = preProject
		Readme.txt = Readme.txt
	EndProjectSection
EndProject
Global
	GlobalSection(SolutionConfigurationPlatforms) = preSolution
		Debug|Any CPU = Debug|Any CPU
		Debug|x64 = Debug|x64
		Debug|x86 = Debug|x86
		Release|Any CPU = Release|Any CPU
		Release|x64 = Release|x64
		Release|x86 = Release|x86
	EndGlobalSection
	GlobalSection(ProjectConfigurationPlatforms) = postSolution
		{D9DA52A3-A026-3DCF-B4C6-DDE9B14FB9FF}.Debug|Any CPU.ActiveCfg = Debug|Any CPU
		{D9DA52A3-A026-3DCF-B4C6-DDE9B14FB9FF}.Debug|Any CPU.Build.0 = Debug|Any CPU
		{D9DA52A3-A026-3DCF-B4C6-DDE9B14FB9FF}.Debug|x64.ActiveCfg = Debug|x64
		{D9DA52A3-A026-3DCF-B4C6-DDE9B14FB9FF}.Debug|x64.Build.0 = Debug|x64
		{D9DA52A3-A026-3DCF-B4C6-DDE9B14FB9FF}.Debug|x86.ActiveCfg = Debug|Any CPU
		{D9DA52A3-A026-3DCF-B4C6-DDE9B14FB9FF}.Debug|x86.Build.0 = Debug|Any CPU
		{D9DA52A3-A026-3DCF-B4C6-DDE9B14FB9FF}.Release|Any CPU.ActiveCfg = Release|Any CPU
		{D9DA52A3-A026-3DCF-B4C6-DDE9B14FB9FF}.Release|Any CPU.Build.0 = Release|Any CPU
		{D9DA52A3-A026-3DCF-B4C6-DDE9B14FB9FF}.Release|x64.ActiveCfg = Release|x64
		{D9DA52A3-A026-3DCF-B4C6-DDE9B14FB9FF}.Release|x64.Build.0 = Release|x64
		{D9DA52A3-A026-3DCF-B4C6-DDE9B14FB9FF}.Release|x86.ActiveCfg = Release|Any CPU
		{D9DA52A3-A026-3DCF-B4C6-DDE9B14FB9FF}.Release|x86.Build.0 = Release|Any CPU
		{49232D49-EAA6-4AD4-A114-E01ABF7258F9}.Debug|Any CPU.ActiveCfg = Debug|Any CPU
		{49232D49-EAA6-4AD4-A114-E01ABF7258F9}.Debug|Any CPU.Build.0 = Debug|Any CPU
		{49232D49-EAA6-4AD4-A114-E01ABF7258F9}.Debug|x64.ActiveCfg = Debug|x64
		{49232D49-EAA6-4AD4-A114-E01ABF7258F9}.Debug|x64.Build.0 = Debug|x64
		{49232D49-EAA6-4AD4-A114-E01ABF7258F9}.Debug|x86.ActiveCfg = Debug|Any CPU
		{49232D49-EAA6-4AD4-A114-E01ABF7258F9}.Debug|x86.Build.0 = Debug|Any CPU
		{49232D49-EAA6-4AD4-A114-E01ABF7258F9}.Release|Any CPU.ActiveCfg = Release|Any CPU
		{49232D49-EAA6-4AD4-A114-E01ABF7258F9}.Release|Any CPU.Build.0 = Release|Any CPU
		{49232D49-EAA6-4AD4-A114-E01ABF7258F9}.Release|x64.ActiveCfg = Release|x64
		{49232D49-EAA6-4AD4-A114-E01ABF7258F9}.Release|x64.Build.0 = Release|x64
		{49232D49-EAA6-4AD4-A114-E01ABF7258F9}.Release|x86.ActiveCfg = Release|Any CPU
		{49232D49-EAA6-4AD4-A114-E01ABF7258F9}.Release|x86.Build.0 = Release|Any CPU
		{DD65463D-A8F0-4443-95F9-C4AD804A7282}.Debug|Any CPU.ActiveCfg = Debug|Any CPU
		{DD65463D-A8F0-4443-95F9-C4AD804A7282}.Debug|Any CPU.Build.0 = Debug|Any CPU
		{DD65463D-A8F0-4443-95F9-C4AD804A7282}.Debug|x64.ActiveCfg = Debug|x64
		{DD65463D-A8F0-4443-95F9-C4AD804A7282}.Debug|x64.Build.0 = Debug|x64
		{DD65463D-A8F0-4443-95F9-C4AD804A7282}.Debug|x86.ActiveCfg = Debug|x86
		{DD65463D-A8F0-4443-95F9-C4AD804A7282}.Debug|x86.Build.0 = Debug|x86
		{DD65463D-A8F0-4443-95F9-C4AD804A7282}.Release|Any CPU.ActiveCfg = Release|Any CPU
		{DD65463D-A8F0-4443-95F9-C4AD804A7282}.Release|Any CPU.Build.0 = Release|Any CPU
		{DD65463D-A8F0-4443-95F9-C4AD804A7282}.Release|x64.ActiveCfg = Release|x64
		{DD65463D-A8F0-4443-95F9-C4AD804A7282}.Release|x64.Build.0 = Release|x64
		{DD65463D-A8F0-4443-95F9-C4AD804A7282}.Release|x86.ActiveCfg = Release|x86
		{DD65463D-A8F0-4443-95F9-C4AD804A7282}.Release|x86.Build.0 = Release|x86
		{352C8DCB-1BB7-4453-8EFB-28468EE28CC4}.Debug|Any CPU.ActiveCfg = Debug|Any CPU
		{352C8DCB-1BB7-4453-8EFB-28468EE28CC4}.Debug|Any CPU.Build.0 = Debug|Any CPU
		{352C8DCB-1BB7-4453-8EFB-28468EE28CC4}.Debug|x64.ActiveCfg = Debug|x64
		{352C8DCB-1BB7-4453-8EFB-28468EE28CC4}.Debug|x64.Build.0 = Debug|x64
		{352C8DCB-1BB7-4453-8EFB-28468EE28CC4}.Debug|x86.ActiveCfg = Debug|Any CPU
		{352C8DCB-1BB7-4453-8EFB-28468EE28CC4}.Debug|x86.Build.0 = Debug|Any CPU
		{352C8DCB-1BB7-4453-8EFB-28468EE28CC4}.Release|Any CPU.ActiveCfg = Release|Any CPU
		{352C8DCB-1BB7-4453-8EFB-28468EE28CC4}.Release|Any CPU.Build.0 = Release|Any CPU
		{352C8DCB-1BB7-4453-8EFB-28468EE28CC4}.Release|x64.ActiveCfg = Release|x64
		{352C8DCB-1BB7-4453-8EFB-28468EE28CC4}.Release|x64.Build.0 = Release|x64
		{352C8DCB-1BB7-4453-8EFB-28468EE28CC4}.Release|x86.ActiveCfg = Release|Any CPU
		{352C8DCB-1BB7-4453-8EFB-28468EE28CC4}.Release|x86.Build.0 = Release|Any CPU
		{A7FF1907-76E1-4459-964D-549A526A2971}.Debug|Any CPU.ActiveCfg = Debug|Any CPU
		{A7FF1907-76E1-4459-964D-549A526A2971}.Debug|Any CPU.Build.0 = Debug|Any CPU
		{A7FF1907-76E1-4459-964D-549A526A2971}.Debug|x64.ActiveCfg = Debug|x64
		{A7FF1907-76E1-4459-964D-549A526A2971}.Debug|x64.Build.0 = Debug|x64
		{A7FF1907-76E1-4459-964D-549A526A2971}.Debug|x86.ActiveCfg = Debug|Any CPU
		{A7FF1907-76E1-4459-964D-549A526A2971}.Debug|x86.Build.0 = Debug|Any CPU
		{A7FF1907-76E1-4459-964D-549A526A2971}.Release|Any CPU.ActiveCfg = Release|Any CPU
		{A7FF1907-76E1-4459-964D-549A526A2971}.Release|Any CPU.Build.0 = Release|Any CPU
		{A7FF1907-76E1-4459-964D-549A526A2971}.Release|x64.ActiveCfg = Release|x64
		{A7FF1907-76E1-4459-964D-549A526A2971}.Release|x64.Build.0 = Release|x64
		{A7FF1907-76E1-4459-964D-549A526A2971}.Release|x86.ActiveCfg = Release|Any CPU
		{A7FF1907-76E1-4459-964D-549A526A2971}.Release|x86.Build.0 = Release|Any CPU
		{3A9D5C10-47E3-4AD7-B874-A72832ADE7B9}.Debug|Any CPU.ActiveCfg = Debug|Any CPU
		{3A9D5C10-47E3-4AD7-B874-A72832ADE7B9}.Debug|Any CPU.Build.0 = Debug|Any CPU
		{3A9D5C10-47E3-4AD7-B874-A72832ADE7B9}.Debug|x64.ActiveCfg = Debug|x64
		{3A9D5C10-47E3-4AD7-B874-A72832ADE7B9}.Debug|x64.Build.0 = Debug|x64
		{3A9D5C10-47E3-4AD7-B874-A72832ADE7B9}.Debug|x86.ActiveCfg = Debug|Any CPU
		{3A9D5C10-47E3-4AD7-B874-A72832ADE7B9}.Debug|x86.Build.0 = Debug|Any CPU
		{3A9D5C10-47E3-4AD7-B874-A72832ADE7B9}.Release|Any CPU.ActiveCfg = Release|Any CPU
		{3A9D5C10-47E3-4AD7-B874-A72832ADE7B9}.Release|Any CPU.Build.0 = Release|Any CPU
		{3A9D5C10-47E3-4AD7-B874-A72832ADE7B9}.Release|x64.ActiveCfg = Release|x64
		{3A9D5C10-47E3-4AD7-B874-A72832ADE7B9}.Release|x64.Build.0 = Release|x64
		{3A9D5C10-47E3-4AD7-B874-A72832ADE7B9}.Release|x86.ActiveCfg = Release|Any CPU
		{3A9D5C10-47E3-4AD7-B874-A72832ADE7B9}.Release|x86.Build.0 = Release|Any CPU
		{6324DB4C-D8EC-4E2E-AB4D-6BD9E5CA55CF}.Debug|Any CPU.ActiveCfg = Debug|Any CPU
		{6324DB4C-D8EC-4E2E-AB4D-6BD9E5CA55CF}.Debug|Any CPU.Build.0 = Debug|Any CPU
		{6324DB4C-D8EC-4E2E-AB4D-6BD9E5CA55CF}.Debug|x64.ActiveCfg = Debug|x64
		{6324DB4C-D8EC-4E2E-AB4D-6BD9E5CA55CF}.Debug|x64.Build.0 = Debug|x64
		{6324DB4C-D8EC-4E2E-AB4D-6BD9E5CA55CF}.Debug|x64.Deploy.0 = Debug|x64
		{6324DB4C-D8EC-4E2E-AB4D-6BD9E5CA55CF}.Debug|x86.ActiveCfg = Debug|Any CPU
		{6324DB4C-D8EC-4E2E-AB4D-6BD9E5CA55CF}.Debug|x86.Build.0 = Debug|Any CPU
		{6324DB4C-D8EC-4E2E-AB4D-6BD9E5CA55CF}.Release|Any CPU.ActiveCfg = Release|Any CPU
		{6324DB4C-D8EC-4E2E-AB4D-6BD9E5CA55CF}.Release|Any CPU.Build.0 = Release|Any CPU
		{6324DB4C-D8EC-4E2E-AB4D-6BD9E5CA55CF}.Release|x64.ActiveCfg = Release|x64
		{6324DB4C-D8EC-4E2E-AB4D-6BD9E5CA55CF}.Release|x64.Build.0 = Release|x64
		{6324DB4C-D8EC-4E2E-AB4D-6BD9E5CA55CF}.Release|x86.ActiveCfg = Release|Any CPU
		{6324DB4C-D8EC-4E2E-AB4D-6BD9E5CA55CF}.Release|x86.Build.0 = Release|Any CPU
		{69A1C888-4D56-415D-838C-77F0C1251793}.Debug|Any CPU.ActiveCfg = Debug|Any CPU
		{69A1C888-4D56-415D-838C-77F0C1251793}.Debug|Any CPU.Build.0 = Debug|Any CPU
		{69A1C888-4D56-415D-838C-77F0C1251793}.Debug|x64.ActiveCfg = Debug|x64
		{69A1C888-4D56-415D-838C-77F0C1251793}.Debug|x64.Build.0 = Debug|x64
		{69A1C888-4D56-415D-838C-77F0C1251793}.Debug|x86.ActiveCfg = Debug|Any CPU
		{69A1C888-4D56-415D-838C-77F0C1251793}.Debug|x86.Build.0 = Debug|Any CPU
		{69A1C888-4D56-415D-838C-77F0C1251793}.Release|Any CPU.ActiveCfg = Release|Any CPU
		{69A1C888-4D56-415D-838C-77F0C1251793}.Release|Any CPU.Build.0 = Release|Any CPU
		{69A1C888-4D56-415D-838C-77F0C1251793}.Release|x64.ActiveCfg = Release|x64
		{69A1C888-4D56-415D-838C-77F0C1251793}.Release|x64.Build.0 = Release|x64
		{69A1C888-4D56-415D-838C-77F0C1251793}.Release|x86.ActiveCfg = Release|Any CPU
		{69A1C888-4D56-415D-838C-77F0C1251793}.Release|x86.Build.0 = Release|Any CPU
		{08FCFB0E-C254-4A57-9BC0-C9C6747B1B68}.Debug|Any CPU.ActiveCfg = Debug|Any CPU
		{08FCFB0E-C254-4A57-9BC0-C9C6747B1B68}.Debug|Any CPU.Build.0 = Debug|Any CPU
		{08FCFB0E-C254-4A57-9BC0-C9C6747B1B68}.Debug|x64.ActiveCfg = Debug|x64
		{08FCFB0E-C254-4A57-9BC0-C9C6747B1B68}.Debug|x64.Build.0 = Debug|x64
		{08FCFB0E-C254-4A57-9BC0-C9C6747B1B68}.Debug|x86.ActiveCfg = Debug|x86
		{08FCFB0E-C254-4A57-9BC0-C9C6747B1B68}.Debug|x86.Build.0 = Debug|x86
		{08FCFB0E-C254-4A57-9BC0-C9C6747B1B68}.Release|Any CPU.ActiveCfg = Release|Any CPU
		{08FCFB0E-C254-4A57-9BC0-C9C6747B1B68}.Release|Any CPU.Build.0 = Release|Any CPU
		{08FCFB0E-C254-4A57-9BC0-C9C6747B1B68}.Release|x64.ActiveCfg = Release|x64
		{08FCFB0E-C254-4A57-9BC0-C9C6747B1B68}.Release|x64.Build.0 = Release|x64
		{08FCFB0E-C254-4A57-9BC0-C9C6747B1B68}.Release|x86.ActiveCfg = Release|x86
		{08FCFB0E-C254-4A57-9BC0-C9C6747B1B68}.Release|x86.Build.0 = Release|x86
	EndGlobalSection
	GlobalSection(SolutionProperties) = preSolution
		HideSolutionNode = FALSE
	EndGlobalSection
	GlobalSection(NestedProjects) = preSolution
		{A7FF1907-76E1-4459-964D-549A526A2971} = {7A267099-AF38-464F-9147-78764F0D10FB}
		{69A1C888-4D56-415D-838C-77F0C1251793} = {7A267099-AF38-464F-9147-78764F0D10FB}
		{08FCFB0E-C254-4A57-9BC0-C9C6747B1B68} = {7A267099-AF38-464F-9147-78764F0D10FB}
	EndGlobalSection
EndGlobal
